
Microsoft Visual Studio Solution File, Format Version 12.00
# Visual Studio Version 17
VisualStudioVersion = 17.5.33627.172
MinimumVisualStudioVersion = 10.0.40219.1
Project("{9A19103F-16F7-4668-BE54-9A1E7A4F7556}") = "MovieManager", "MovieManager.csproj", "{29E79EC3-B77B-4B8A-B23F-AB04F0BDF266}"
EndProject
Project("{9A19103F-16F7-4668-BE54-9A1E7A4F7556}") = "MovieManager.App", "..\MovieManager.App\MovieManager.App.csproj", "{0FEE00A3-4E38-4711-A176-28DF9D0BA07D}"
EndProject
Project("{9A19103F-16F7-4668-BE54-9A1E7A4F7556}") = "MovieManager.Domain", "..\MovieManager.Domain\MovieManager.Domain.csproj", "{8C7B11EC-1C34-4F1E-8B7D-2FC44BB02A8E}"
EndProject
Global
	GlobalSection(SolutionConfigurationPlatforms) = preSolution
		Debug|Any CPU = Debug|Any CPU
		Release|Any CPU = Release|Any CPU
	EndGlobalSection
	GlobalSection(ProjectConfigurationPlatforms) = postSolution
		{29E79EC3-B77B-4B8A-B23F-AB04F0BDF266}.Debug|Any CPU.ActiveCfg = Debug|Any CPU
		{29E79EC3-B77B-4B8A-B23F-AB04F0BDF266}.Debug|Any CPU.Build.0 = Debug|Any CPU
		{29E79EC3-B77B-4B8A-B23F-AB04F0BDF266}.Release|Any CPU.ActiveCfg = Release|Any CPU
		{29E79EC3-B77B-4B8A-B23F-AB04F0BDF266}.Release|Any CPU.Build.0 = Release|Any CPU
		{0FEE00A3-4E38-4711-A176-28DF9D0BA07D}.Debug|Any CPU.ActiveCfg = Debug|Any CPU
		{0FEE00A3-4E38-4711-A176-28DF9D0BA07D}.Debug|Any CPU.Build.0 = Debug|Any CPU
		{0FEE00A3-4E38-4711-A176-28DF9D0BA07D}.Release|Any CPU.ActiveCfg = Release|Any CPU
		{0FEE00A3-4E38-4711-A176-28DF9D0BA07D}.Release|Any CPU.Build.0 = Release|Any CPU
		{8C7B11EC-1C34-4F1E-8B7D-2FC44BB02A8E}.Debug|Any CPU.ActiveCfg = Debug|Any CPU
		{8C7B11EC-1C34-4F1E-8B7D-2FC44BB02A8E}.Debug|Any CPU.Build.0 = Debug|Any CPU
		{8C7B11EC-1C34-4F1E-8B7D-2FC44BB02A8E}.Release|Any CPU.ActiveCfg = Release|Any CPU
		{8C7B11EC-1C34-4F1E-8B7D-2FC44BB02A8E}.Release|Any CPU.Build.0 = Release|Any CPU
	EndGlobalSection
	GlobalSection(SolutionProperties) = preSolution
		HideSolutionNode = FALSE
	EndGlobalSection
	GlobalSection(ExtensibilityGlobals) = postSolution
		SolutionGuid = {39605EEE-981C-49D3-BA0B-B8334C1D8EA1}
	EndGlobalSection
EndGlobal
